
Microsoft Visual Studio Solution File, Format Version 12.00
# Visual Studio Version 17
VisualStudioVersion = 17.1.32328.378
MinimumVisualStudioVersion = 10.0.40219.1
Project("{FAE04EC0-301F-11D3-BF4B-00C04F79EFBC}") = "CosturasCrisApi", "CosturasCrisApi\CosturasCrisApi.csproj", "{09A02BC9-8582-4BEB-9658-B3033850A28C}"
EndProject
Global
	GlobalSection(SolutionConfigurationPlatforms) = preSolution
		Debug|Any CPU = Debug|Any CPU
		Release|Any CPU = Release|Any CPU
	EndGlobalSection
	GlobalSection(ProjectConfigurationPlatforms) = postSolution
		{09A02BC9-8582-4BEB-9658-B3033850A28C}.Debug|Any CPU.ActiveCfg = Debug|Any CPU
		{09A02BC9-8582-4BEB-9658-B3033850A28C}.Debug|Any CPU.Build.0 = Debug|Any CPU
		{09A02BC9-8582-4BEB-9658-B3033850A28C}.Release|Any CPU.ActiveCfg = Release|Any CPU
		{09A02BC9-8582-4BEB-9658-B3033850A28C}.Release|Any CPU.Build.0 = Release|Any CPU
	EndGlobalSection
	GlobalSection(SolutionProperties) = preSolution
		HideSolutionNode = FALSE
	EndGlobalSection
	GlobalSection(ExtensibilityGlobals) = postSolution
		SolutionGuid = {B2C2883B-74E6-4126-83C7-EFB2A7F6E6ED}
	EndGlobalSection
EndGlobal
